Microsoft Visual Studio Solution File, Format Version 12.00
# Visual Studio 2012
Project("{FAE04EC0-301F-11D3-BF4B-00C04F79EFBC}") = "IGA Maze", "IGA Maze.csproj", "{3393F8E6-E9EA-46BF-B0EF-3E00B8CAA4EC}"
EndProject
Global
	GlobalSection(SolutionConfigurationPlatforms) = preSolution
	Debug|Any CPU = Debug|Any CPU
	ExportDebug|Any CPU = ExportDebug|Any CPU
	ExportRelease|Any CPU = ExportRelease|Any CPU
	EndGlobalSection
	GlobalSection(ProjectConfigurationPlatforms) = postSolution
		{3393F8E6-E9EA-46BF-B0EF-3E00B8CAA4EC}.Debug|Any CPU.ActiveCfg = Debug|Any CPU
		{3393F8E6-E9EA-46BF-B0EF-3E00B8CAA4EC}.Debug|Any CPU.Build.0 = Debug|Any CPU
		{3393F8E6-E9EA-46BF-B0EF-3E00B8CAA4EC}.ExportDebug|Any CPU.ActiveCfg = ExportDebug|Any CPU
		{3393F8E6-E9EA-46BF-B0EF-3E00B8CAA4EC}.ExportDebug|Any CPU.Build.0 = ExportDebug|Any CPU
		{3393F8E6-E9EA-46BF-B0EF-3E00B8CAA4EC}.ExportRelease|Any CPU.ActiveCfg = ExportRelease|Any CPU
		{3393F8E6-E9EA-46BF-B0EF-3E00B8CAA4EC}.ExportRelease|Any CPU.Build.0 = ExportRelease|Any CPU
	EndGlobalSection
EndGlobal
